
Microsoft Visual Studio Solution File, Format Version 12.00
# Visual Studio Version 17
VisualStudioVersion = 17.10.35027.167
MinimumVisualStudioVersion = 10.0.40219.1
Project("{9A19103F-16F7-4668-BE54-9A1E7A4F7556}") = "SQLite_Tutorial", "SQLite_Tutorial\SQLite_Tutorial.csproj", "{F784EF1A-3B3D-45A3-82B6-B1409ECED5DF}"
EndProject
Global
	GlobalSection(SolutionConfigurationPlatforms) = preSolution
		Debug|Any CPU = Debug|Any CPU
		Release|Any CPU = Release|Any CPU
	EndGlobalSection
	GlobalSection(ProjectConfigurationPlatforms) = postSolution
		{F784EF1A-3B3D-45A3-82B6-B1409ECED5DF}.Debug|Any CPU.ActiveCfg = Debug|Any CPU
		{F784EF1A-3B3D-45A3-82B6-B1409ECED5DF}.Debug|Any CPU.Build.0 = Debug|Any CPU
		{F784EF1A-3B3D-45A3-82B6-B1409ECED5DF}.Release|Any CPU.ActiveCfg = Release|Any CPU
		{F784EF1A-3B3D-45A3-82B6-B1409ECED5DF}.Release|Any CPU.Build.0 = Release|Any CPU
	EndGlobalSection
	GlobalSection(SolutionProperties) = preSolution
		HideSolutionNode = FALSE
	EndGlobalSection
	GlobalSection(ExtensibilityGlobals) = postSolution
		SolutionGuid = {05BA6BA9-7308-4058-87C7-4F30FDC43EB1}
	EndGlobalSection
EndGlobal
